PODS:
  - baiduad (0.0.1):
    - BaiduMobAdSDK (= 5.301)
    - Flutter
  - BaiduMobAdSDK (5.301)
  - Flutter (1.0.0)
  - gtads (0.0.1):
    - Flutter
  - gtads_bqt (0.0.1):
    - Flutter

DEPENDENCIES:
  - baiduad (from `.symlinks/plugins/baiduad/ios`)
  - Flutter (from `Flutter`)
  - gtads (from `.symlinks/plugins/gtads/ios`)
  - gtads_bqt (from `.symlinks/plugins/gtads_bqt/ios`)

SPEC REPOS:
  trunk:
    - BaiduMobAdSDK

EXTERNAL SOURCES:
  baiduad:
    :path: ".symlinks/plugins/baiduad/ios"
  Flutter:
    :path: Flutter
  gtads:
    :path: ".symlinks/plugins/gtads/ios"
  gtads_bqt:
    :path: ".symlinks/plugins/gtads_bqt/ios"

SPEC CHECKSUMS:
  baiduad: 68998ae15656427f28b8738534f6f16f2295df92
  BaiduMobAdSDK: bb64abc1b5104134d4a0fcd2ff223e688c5aa372
  Flutter: f04841e97a9d0b0a8025694d0796dd46242b2854
  gtads: 1e73e834441d85346f001cdf18341ec2ce7dc0de
  gtads_bqt: 601975fb35727a506812149e758f7c2d51513c49

PODFILE CHECKSUM: 663715e941f9adb426e33bf9376914006f9ea95b

COCOAPODS: 1.11.3
