PODS:
  - baiduad (0.0.1):
    - BaiduMobAdSDK (= 5.391)
    - Flutter
  - BaiduMobAdSDK (5.391)
  - Flutter (1.0.0)
  - gtads (0.0.1):
    - Flutter
  - gtads_bqt (0.0.1):
    - Flutter

DEPENDENCIES:
  - baiduad (from `.symlinks/plugins/baiduad/ios`)
  - Flutter (from `Flutter`)
  - gtads (from `.symlinks/plugins/gtads/ios`)
  - gtads_bqt (from `.symlinks/plugins/gtads_bqt/ios`)

SPEC REPOS:
  trunk:
    - BaiduMobAdSDK

EXTERNAL SOURCES:
  baiduad:
    :path: ".symlinks/plugins/baiduad/ios"
  Flutter:
    :path: Flutter
  gtads:
    :path: ".symlinks/plugins/gtads/ios"
  gtads_bqt:
    :path: ".symlinks/plugins/gtads_bqt/ios"

SPEC CHECKSUMS:
  baiduad: 9f1c132ac8cb98459df7a29c2f6b0cac761f19c8
  BaiduMobAdSDK: 46794a55f9f1b690dd1955dcf98e7bd2dce79d1b
  Flutter: e0871f40cf51350855a761d2e70bf5af5b9b5de7
  gtads: 1e73e834441d85346f001cdf18341ec2ce7dc0de
  gtads_bqt: 601975fb35727a506812149e758f7c2d51513c49

PODFILE CHECKSUM: 1a782344d33c12ced0182eeab11e8668d253eb48

COCOAPODS: 1.16.2
