PODS:
  - baiduad (0.0.1):
    - BaiduMobAdSDK (= 4.901)
    - Flutter
  - BaiduMobAdSDK (4.901)
  - Flutter (1.0.0)
  - gtads (0.0.1):
    - Flutter
  - gtads_bqt (0.0.1):
    - Flutter

DEPENDENCIES:
  - baiduad (from `.symlinks/plugins/baiduad/ios`)
  - Flutter (from `Flutter`)
  - gtads (from `.symlinks/plugins/gtads/ios`)
  - gtads_bqt (from `.symlinks/plugins/gtads_bqt/ios`)

SPEC REPOS:
  trunk:
    - BaiduMobAdSDK

EXTERNAL SOURCES:
  baiduad:
    :path: ".symlinks/plugins/baiduad/ios"
  Flutter:
    :path: Flutter
  gtads:
    :path: ".symlinks/plugins/gtads/ios"
  gtads_bqt:
    :path: ".symlinks/plugins/gtads_bqt/ios"

SPEC CHECKSUMS:
  baiduad: 7619a70d158e584048e9dcf80e11d7cb231c8513
  BaiduMobAdSDK: 1c4a23ef749a2f841d5eed3d76652093e779cdb9
  Flutter: f04841e97a9d0b0a8025694d0796dd46242b2854
  gtads: 1e73e834441d85346f001cdf18341ec2ce7dc0de
  gtads_bqt: 601975fb35727a506812149e758f7c2d51513c49

PODFILE CHECKSUM: 663715e941f9adb426e33bf9376914006f9ea95b

COCOAPODS: 1.11.3
