PODS:
  - Ads-CN-Beta/BUAdSDK (6.9.0.3)
  - Ads-CN-Beta/CSJMediation (6.9.0.3):
    - Ads-CN-Beta/BUAdSDK
  - baiduad (0.0.1):
    - BaiduMobAdSDK (= 5.391)
    - Flutter
  - BaiduMobAdSDK (5.391)
  - Flutter (1.0.0)
  - flutter_tencentad (0.0.1):
    - Flutter
    - GDTMobSDK (= 4.15.30)
  - flutter_unionad (0.0.1):
    - Ads-CN-Beta/BUAdSDK (= 6.9.0.3)
    - Ads-CN-Beta/CSJMediation (= 6.9.0.3)
    - Flutter
  - GDTMobSDK (4.15.30)
  - gtads (0.0.1):
    - Flutter
  - gtads_bqt (0.0.1):
    - Flutter
  - gtads_csj (0.0.1):
    - Flutter
  - gtads_sigmob (0.0.1):
    - Flutter
  - gtads_ylh (0.0.1):
    - Flutter
  - Masonry (1.1.0)
  - SDWebImage (5.12.1):
    - SDWebImage/Core (= 5.12.1)
  - SDWebImage/Core (5.12.1)
  - sigmobad (0.0.1):
    - Flutter
    - Masonry
    - SDWebImage (= 5.12.1)
    - SigmobAd-iOS (= 4.15.5)
  - SigmobAd-iOS (4.15.5):
    - SigmobAd-iOS/WindSDK (= 4.15.5)
  - SigmobAd-iOS/WindSDK (4.15.5)

DEPENDENCIES:
  - baiduad (from `.symlinks/plugins/baiduad/ios`)
  - Flutter (from `Flutter`)
  - flutter_tencentad (from `.symlinks/plugins/flutter_tencentad/ios`)
  - flutter_unionad (from `.symlinks/plugins/flutter_unionad/ios`)
  - gtads (from `.symlinks/plugins/gtads/ios`)
  - gtads_bqt (from `.symlinks/plugins/gtads_bqt/ios`)
  - gtads_csj (from `.symlinks/plugins/gtads_csj/ios`)
  - gtads_sigmob (from `.symlinks/plugins/gtads_sigmob/ios`)
  - gtads_ylh (from `.symlinks/plugins/gtads_ylh/ios`)
  - sigmobad (from `.symlinks/plugins/sigmobad/ios`)

SPEC REPOS:
  trunk:
    - Ads-CN-Beta
    - BaiduMobAdSDK
    - GDTMobSDK
    - Masonry
    - SDWebImage
    - SigmobAd-iOS

EXTERNAL SOURCES:
  baiduad:
    :path: ".symlinks/plugins/baiduad/ios"
  Flutter:
    :path: Flutter
  flutter_tencentad:
    :path: ".symlinks/plugins/flutter_tencentad/ios"
  flutter_unionad:
    :path: ".symlinks/plugins/flutter_unionad/ios"
  gtads:
    :path: ".symlinks/plugins/gtads/ios"
  gtads_bqt:
    :path: ".symlinks/plugins/gtads_bqt/ios"
  gtads_csj:
    :path: ".symlinks/plugins/gtads_csj/ios"
  gtads_sigmob:
    :path: ".symlinks/plugins/gtads_sigmob/ios"
  gtads_ylh:
    :path: ".symlinks/plugins/gtads_ylh/ios"
  sigmobad:
    :path: ".symlinks/plugins/sigmobad/ios"

SPEC CHECKSUMS:
  Ads-CN-Beta: 5428fcbb80e6e84d38c36034a73663bd71c109d0
  baiduad: 9f1c132ac8cb98459df7a29c2f6b0cac761f19c8
  BaiduMobAdSDK: 46794a55f9f1b690dd1955dcf98e7bd2dce79d1b
  Flutter: e0871f40cf51350855a761d2e70bf5af5b9b5de7
  flutter_tencentad: dc07d2f86350f012eae74e7d3b023c47e2ebec69
  flutter_unionad: 6f8f2160a96a4350818a6a728b4968396ab2c209
  GDTMobSDK: ee16d8b3c06825c09c0be89a443c1a909fdb86b3
  gtads: 1e73e834441d85346f001cdf18341ec2ce7dc0de
  gtads_bqt: 601975fb35727a506812149e758f7c2d51513c49
  gtads_csj: 51cf5d02d1270fba19282538f549823478eae80c
  gtads_sigmob: 939f0c9275b5f89b367f6098f6509b93ac03b41b
  gtads_ylh: 54174e6a736053c1fcda2a3655aa063f92f9d782
  Masonry: 678fab65091a9290e40e2832a55e7ab731aad201
  SDWebImage: 4dc3e42d9ec0c1028b960a33ac6b637bb432207b
  sigmobad: 0264efca4f42f0f79c472b46d81acfeffc14ef63
  SigmobAd-iOS: 5b476887defcbf0c54945d3ba6fca72f3de7746e

PODFILE CHECKSUM: 1a782344d33c12ced0182eeab11e8668d253eb48

COCOAPODS: 1.16.2
