PODS:
  - Ads-CN-Beta (5.8.0.7):
    - Ads-CN-Beta/BUAdSDK (= 5.8.0.7)
  - Ads-CN-Beta/BUAdSDK (5.8.0.7)
  - Flutter (1.0.0)
  - flutter_unionad (0.0.1):
    - Ads-CN-Beta (= 5.8.0.7)
    - Flutter
  - gtads (0.0.1):
    - Flutter
  - gtads_csj (0.0.1):
    - Flutter

DEPENDENCIES:
  - Flutter (from `Flutter`)
  - flutter_unionad (from `.symlinks/plugins/flutter_unionad/ios`)
  - gtads (from `.symlinks/plugins/gtads/ios`)
  - gtads_csj (from `.symlinks/plugins/gtads_csj/ios`)

SPEC REPOS:
  trunk:
    - Ads-CN-Beta

EXTERNAL SOURCES:
  Flutter:
    :path: Flutter
  flutter_unionad:
    :path: ".symlinks/plugins/flutter_unionad/ios"
  gtads:
    :path: ".symlinks/plugins/gtads/ios"
  gtads_csj:
    :path: ".symlinks/plugins/gtads_csj/ios"

SPEC CHECKSUMS:
  Ads-CN-Beta: 10f45519e756d384f213484a0ddb28dc03ad5016
  Flutter: f04841e97a9d0b0a8025694d0796dd46242b2854
  flutter_unionad: 431a65308b154a93486f58e9b9b6bc308cc79ccc
  gtads: 1e73e834441d85346f001cdf18341ec2ce7dc0de
  gtads_csj: 51cf5d02d1270fba19282538f549823478eae80c

PODFILE CHECKSUM: 663715e941f9adb426e33bf9376914006f9ea95b

COCOAPODS: 1.11.3
